# This file is autogenerated, do not edit; changes may be undone by the next 'dep ensure'.


[[projects]]
  name = "github.com/Azure/azure-sdk-for-go"
  packages = ["services/keyvault/2016-10-01/keyvault","services/keyvault/mgmt/2016-10-01/keyvault","version"]
  revision = "4650843026a7fdec254a8d9cf893693a254edd0b"
  version = "v16.2.1"

[[projects]]
  name = "github.com/Azure/go-autorest"
  packages = ["autorest","autorest/adal","autorest/azure","autorest/date","autorest/to","autorest/validation"]
  revision = "eaa7994b2278094c904d31993d26f56324db3052"
  version = "v10.8.1"

[[projects]]
  name = "github.com/dgrijalva/jwt-go"
  packages = ["."]
  revision = "06ea1031745cb8b3dab3f6a236daf2b0aa468b7e"
  version = "v3.2.0"

[[projects]]
  name = "github.com/ghodss/yaml"
  packages = ["."]
  revision = "0ca9ea5df5451ffdf184b4428c902747c2c11cd7"
  version = "v1.0.0"

[[projects]]
  branch = "master"
  name = "github.com/golang/glog"
  packages = ["."]
  revision = "23def4e6c14b4da8ac2ed8007337bc5eb5007998"

[[projects]]
  name = "github.com/satori/go.uuid"
  packages = ["."]
  revision = "f58768cc1a7a7e77a3bd49e98cdd21419399b6a3"
  version = "v1.2.0"

[[projects]]
  branch = "master"
  name = "golang.org/x/crypto"
  packages = ["pkcs12","pkcs12/internal/rc2"]
  revision = "21052ae46654ecf18dfdba0f7c12701a1e2b3164"

[[projects]]
  name = "gopkg.in/yaml.v2"
  packages = ["."]
  revision = "5420a8b6744d3b0345ab293f6fcba19c978f1183"
  version = "v2.2.1"

[solve-meta]
  analyzer-name = "dep"
  analyzer-version = 1
  inputs-digest = "17123bc54d9241faedddac3c71c1690c1462b1bafaf5025e8e30e1fe40de8380"
  solver-name = "gps-cdcl"
  solver-version = 1
